
Microsoft Visual Studio Solution File, Format Version 12.00
# Visual Studio Version 17
VisualStudioVersion = 17.0.31903.59
MinimumVisualStudioVersion = 10.0.40219.1
Project("{FAE04EC0-301F-11D3-BF4B-00C04F79EFBC}") = "ExpertSchool", "ExpertSchool\ExpertSchool.csproj", "{EE3AD498-1C2E-4C2E-9161-5FFDEFE314FD}"
EndProject
Global
	GlobalSection(SolutionConfigurationPlatforms) = preSolution
		Debug|Any CPU = Debug|Any CPU
		Release|Any CPU = Release|Any CPU
	EndGlobalSection
	GlobalSection(ProjectConfigurationPlatforms) = postSolution
		{EE3AD498-1C2E-4C2E-9161-5FFDEFE314FD}.Debug|Any CPU.ActiveCfg = Debug|Any CPU
		{EE3AD498-1C2E-4C2E-9161-5FFDEFE314FD}.Debug|Any CPU.Build.0 = Debug|Any CPU
		{EE3AD498-1C2E-4C2E-9161-5FFDEFE314FD}.Release|Any CPU.ActiveCfg = Release|Any CPU
		{EE3AD498-1C2E-4C2E-9161-5FFDEFE314FD}.Release|Any CPU.Build.0 = Release|Any CPU
	EndGlobalSection
	GlobalSection(SolutionProperties) = preSolution
		HideSolutionNode = FALSE
	EndGlobalSection
	GlobalSection(ExtensibilityGlobals) = postSolution
		SolutionGuid = {CB49F61E-E110-4A5E-88B4-197FDAB41217}
	EndGlobalSection
EndGlobal
